Microsoft Visual Studio Solution File, Format Version 11.00
# Visual Studio 2008

Project("{661E5751-0961-55D1-6253-24C43B162A39}") = "Mari0 - Copy", "Assembly-CSharp.csproj", "{7023B5F4-0516-0009-A296-68EDB274B788}"
EndProject
Global
	GlobalSection(SolutionConfigurationPlatforms) = preSolution
		Debug|Any CPU = Debug|Any CPU
		Release|Any CPU = Release|Any CPU
	EndGlobalSection
	GlobalSection(ProjectConfigurationPlatforms) = postSolution
		{7023B5F4-0516-0009-A296-68EDB274B788}.Debug|Any CPU.ActiveCfg = Debug|Any CPU
		{7023B5F4-0516-0009-A296-68EDB274B788}.Debug|Any CPU.Build.0 = Debug|Any CPU
		{7023B5F4-0516-0009-A296-68EDB274B788}.Release|Any CPU.ActiveCfg = Release|Any CPU
		{7023B5F4-0516-0009-A296-68EDB274B788}.Release|Any CPU.Build.0 = Release|Any CPU
	EndGlobalSection
	GlobalSection(SolutionProperties) = preSolution
		HideSolutionNode = FALSE
	EndGlobalSection
	GlobalSection(MonoDevelopProperties) = preSolution
		StartupItem = Assembly-CSharp.csproj
	EndGlobalSection
EndGlobal
